
Microsoft Visual Studio Solution File, Format Version 12.00
# Visual Studio Version 17
VisualStudioVersion = 17.3.32825.248
MinimumVisualStudioVersion = 10.0.40219.1
Project("{FAE04EC0-301F-11D3-BF4B-00C04F79EFBC}") = "ACS_BHortonM3", "ACS_BHortonM3.csproj", "{52503A75-182D-4ECF-8956-20B4BD364DCD}"
EndProject
Global
	GlobalSection(SolutionConfigurationPlatforms) = preSolution
		Debug|Any CPU = Debug|Any CPU
		Release|Any CPU = Release|Any CPU
	EndGlobalSection
	GlobalSection(ProjectConfigurationPlatforms) = postSolution
		{52503A75-182D-4ECF-8956-20B4BD364DCD}.Debug|Any CPU.ActiveCfg = Debug|Any CPU
		{52503A75-182D-4ECF-8956-20B4BD364DCD}.Debug|Any CPU.Build.0 = Debug|Any CPU
		{52503A75-182D-4ECF-8956-20B4BD364DCD}.Release|Any CPU.ActiveCfg = Release|Any CPU
		{52503A75-182D-4ECF-8956-20B4BD364DCD}.Release|Any CPU.Build.0 = Release|Any CPU
	EndGlobalSection
	GlobalSection(SolutionProperties) = preSolution
		HideSolutionNode = FALSE
	EndGlobalSection
	GlobalSection(ExtensibilityGlobals) = postSolution
		SolutionGuid = {394D0D4F-27F3-4C61-BA19-15BA83C4C378}
	EndGlobalSection
EndGlobal
